# This file was autogenerated by Stack.
# You should not edit this file by hand.
# For more information, please see the documentation at:
#   https://docs.haskellstack.org/en/stable/lock_files

packages:
- completed:
    hackage: hspec-2.9.3@sha256:9b54d0c8ef8b3114aa39465a7b24658c987fbd6aab1479eafc00ee31da1be1de,1709
    pantry-tree:
      size: 583
      sha256: c4dc568111385baea4bd240d87fecf8df1d74474cca79b05e7af6009a7155550
  original:
    hackage: hspec-2.9.3
- completed:
    hackage: emojis-0.1.4.1@sha256:2e7006c952aa51fe7757ec6f2749f1bcbb65664da91c0404565381ddc909dbf5,1940
    pantry-tree:
      size: 482
      sha256: a3d6c643f651c8448802fa158e070d02fcd010cfd8b63e4fe4ed066f3b02acbe
  original:
    hackage: emojis-0.1.4.1
- completed:
    hackage: discord-haskell-1.16.0@sha256:e06c782c4c3ca40b586a89878353e1be1ad95a19d1a9f6891cf7e2d198cbd1ea,6510
    pantry-tree:
      size: 3664
      sha256: 6887fadbb8ed12aa07cb419d6db66558b664ee11206dc7738a69937e13bdce87
  original:
    hackage: discord-haskell-1.16.0
- completed:
    hackage: unliftio-0.2.25.0@sha256:d015242554890370bcbc3a575019be691d0edc279736ef97d29412fb9d0c4349,3410
    pantry-tree:
      size: 2494
      sha256: 08c62f256e740e1a78b175907c26cb06439a1b486ceb8021c5a2e4425ebb6c5b
  original:
    hackage: unliftio-0.2.25.0
snapshots:
- completed:
    size: 650475
    url: https://raw.githubusercontent.com/commercialhaskell/stackage-snapshots/master/lts/20/26.yaml
    sha256: 5a59b2a405b3aba3c00188453be172b85893cab8ebc352b1ef58b0eae5d248a2
  original: lts-20.26
